{
  "name": "fragment-examples",
  "version": "1.0.0",
  "lockfileVersion": 2,
  "requires": true,
  "packages": {
    "": {
      "name": "fragment-examples",
      "version": "1.0.0",
      "license": "MIT",
      "dependencies": {
        "p5": "^1.4.1",
        "three": "^0.140.2"
      },
      "devDependencies": {}
    },
    "node_modules/p5": {
      "version": "1.4.2",
      "resolved": "https://registry.npmjs.org/p5/-/p5-1.4.2.tgz",
      "integrity": "sha512-J5zqZ/l1NIbJSuNr/FH9nDYgBRg7/NubStNPnx1fQCMSAgxI6peKDHs9i5iaG9EuwbJzjuG6/5bX/D0lqqrP9A=="
    },
    "node_modules/three": {
      "version": "0.140.2",
      "resolved": "https://registry.npmjs.org/three/-/three-0.140.2.tgz",
      "integrity": "sha512-DdT/AHm/TbZXEhQKQpGt5/iSgBrmXpjU26FNtj1KhllVPTKj1eG4X/ShyD5W2fngE+I1s1wa4ttC4C3oCJt7Ag=="
    }
  },
  "dependencies": {
    "p5": {
      "version": "1.4.2",
      "resolved": "https://registry.npmjs.org/p5/-/p5-1.4.2.tgz",
      "integrity": "sha512-J5zqZ/l1NIbJSuNr/FH9nDYgBRg7/NubStNPnx1fQCMSAgxI6peKDHs9i5iaG9EuwbJzjuG6/5bX/D0lqqrP9A=="
    },
    "three": {
      "version": "0.140.2",
      "resolved": "https://registry.npmjs.org/three/-/three-0.140.2.tgz",
      "integrity": "sha512-DdT/AHm/TbZXEhQKQpGt5/iSgBrmXpjU26FNtj1KhllVPTKj1eG4X/ShyD5W2fngE+I1s1wa4ttC4C3oCJt7Ag=="
    }
  }
}
