{
  "name": "threejs-webgl-cube",
  "version": "1.0.0",
  "lockfileVersion": 3,
  "requires": true,
  "packages": {
    "": {
      "name": "threejs-webgl-cube",
      "version": "1.0.0",
      "license": "MIT",
      "dependencies": {
        "milliparsec": "^5.1.0",
        "three": "^0.179.1"
      }
    },
    "node_modules/milliparsec": {
      "version": "5.1.0",
      "resolved": "https://registry.npmjs.org/milliparsec/-/milliparsec-5.1.0.tgz",
      "integrity": "sha512-/xFIv79W7RhnnRLcQOlNpm0xO5FrodBdWFIysI4jIimqCCOnYwBekh6p+Qx61MVooewwBI7WEanFYeo8KtR2dA==",
      "license": "MIT",
      "engines": {
        "node": ">=18.13 || >=19.20 || >=20"
      }
    },
    "node_modules/three": {
      "version": "0.179.1",
      "resolved": "https://registry.npmjs.org/three/-/three-0.179.1.tgz",
      "integrity": "sha512-5y/elSIQbrvKOISxpwXCR4sQqHtGiOI+MKLc3SsBdDXA2hz3Mdp3X59aUp8DyybMa34aeBwbFTpdoLJaUDEWSw==",
      "license": "MIT"
    }
  }
}
